<?xml version="1.0" encoding="utf-8"?>
<Project ToolsVersion="4.0" xmlns="http://schemas.microsoft.com/developer/msbuild/2003">
  <ItemGroup>
    <Filter Include="Source Files">
      <UniqueIdentifier>{4FC737F1-C7A5-4376-A066-2A32D752A2FF}</UniqueIdentifier>
      <Extensions>cpp;c;cc;cxx;c++;cppm;ixx;def;odl;idl;hpj;bat;asm;asmx</Extensions>
    </Filter>
    <Filter Include="Header Files">
      <UniqueIdentifier>{93995380-89BD-4b04-88EB-625FBE52EBFB}</UniqueIdentifier>
      <Extensions>h;hh;hpp;hxx;h++;hm;inl;inc;ipp;xsd</Extensions>
    </Filter>
    <Filter Include="Resource Files">
      <UniqueIdentifier>{67DA6AB6-F800-4c08-8B7A-83BB121AAD01}</UniqueIdentifier>
      <Extensions>rc;ico;cur;bmp;dlg;rc2;rct;bin;rgs;gif;jpg;jpeg;jpe;resx;tiff;tif;png;wav;mfcribbon-ms</Extensions>
    </Filter>
    <Filter Include="NewFilter1">
      <UniqueIdentifier>{008757d7-ecd2-4846-8316-65fd3f598306}</UniqueIdentifier>
    </Filter>
  </ItemGroup>
  <ItemGroup>
    <ClCompile Include="Utils\Logs\logs.cpp">
      <Filter>Source Files</Filter>
    </ClCompile>
    <ClCompile Include="KDMapper\utils.cpp">
      <Filter>Source Files</Filter>
    </ClCompile>
    <ClCompile Include="KDMapper\intel_driver.cpp">
      <Filter>Source Files</Filter>
    </ClCompile>
    <ClCompile Include="KDMapper\kdmapper.cpp">
      <Filter>Source Files</Filter>
    </ClCompile>
    <ClCompile Include="KDMapper\portable_executable.cpp">
      <Filter>Source Files</Filter>
    </ClCompile>
    <ClCompile Include="KDMapper\service.cpp">
      <Filter>Source Files</Filter>
    </ClCompile>
    <ClCompile Include="Source\main.cpp">
      <Filter>Source Files</Filter>
    </ClCompile>
    <ClCompile Include="Utils\FindFirstChild\FND.cpp">
      <Filter>Source Files</Filter>
    </ClCompile>
    <ClCompile Include="Driver\driver_implement.cpp">
      <Filter>Source Files</Filter>
    </ClCompile>
    <ClCompile Include="Cheat\PlayerCache.hpp">
      <Filter>Source Files</Filter>
    </ClCompile>
    <ClCompile Include="Cheat\PlayerCache.cpp">
      <Filter>Source Files</Filter>
    </ClCompile>
  </ItemGroup>
  <ItemGroup>
    <ClInclude Include="Utils\Offsets\Offsets.h">
      <Filter>Header Files</Filter>
    </ClInclude>
    <ClInclude Include="Utils\Logs\logs.h">
      <Filter>Header Files</Filter>
    </ClInclude>
    <ClInclude Include="Driver\driver.h">
      <Filter>Header Files</Filter>
    </ClInclude>
    <ClInclude Include="Driver\driver_data.h">
      <Filter>Header Files</Filter>
    </ClInclude>
    <ClInclude Include="Driver\driver_implement.h">
      <Filter>Header Files</Filter>
    </ClInclude>
    <ClInclude Include="Utils\xorstr\xorstr.hpp">
      <Filter>Header Files</Filter>
    </ClInclude>
    <ClInclude Include="KDMapper\include\intel_driver.hpp">
      <Filter>Header Files</Filter>
    </ClInclude>
    <ClInclude Include="KDMapper\include\intel_driver_resource.hpp">
      <Filter>Header Files</Filter>
    </ClInclude>
    <ClInclude Include="KDMapper\include\nt.hpp">
      <Filter>Header Files</Filter>
    </ClInclude>
    <ClInclude Include="KDMapper\include\portable_executable.hpp">
      <Filter>Header Files</Filter>
    </ClInclude>
    <ClInclude Include="KDMapper\include\service.hpp">
      <Filter>Header Files</Filter>
    </ClInclude>
    <ClInclude Include="KDMapper\include\utils.hpp">
      <Filter>Header Files</Filter>
    </ClInclude>
    <ClInclude Include="KDMapper\include\kdmapper.hpp">
      <Filter>Header Files</Filter>
    </ClInclude>
    <ClInclude Include="KDMapper\include\SymbolsHandler.hpp">
      <Filter>Header Files</Filter>
    </ClInclude>
    <ClInclude Include="KDMapper\include\DataStructs.hpp">
      <Filter>Header Files</Filter>
    </ClInclude>
    <ClInclude Include="Utils\FindFirstChild\FND.h">
      <Filter>Header Files</Filter>
    </ClInclude>
    <ClInclude Include="KDmapper\include\KDSymbolsHandler.h">
      <Filter>Header Files</Filter>
    </ClInclude>
  </ItemGroup>
</Project>